{
  "name": "backend",
  "version": "1.0.0",
  "lockfileVersion": 3,
  "requires": true,
  "packages": {
    "": {
      "name": "backend",
      "version": "1.0.0",
      "license": "ISC",
      "dependencies": {
        "@bitget-ai/bitget-agent-sdk": "^3.3.1"
      }
    },
    "node_modules/@bitget-ai/bitget-agent-sdk": {
      "version": "3.3.1",
      "resolved": "https://registry.npmjs.org/@bitget-ai/bitget-agent-sdk/-/bitget-agent-sdk-3.3.1.tgz",
      "integrity": "sha512-NrIzr6HovbD68cSPMlyvDImZXkgamcg55uBVcB6IxjIvH7Y5alZ1q8/7dSg53Lndhvqdg+qZIyvCesxKrGv8pw==",
      "license": "MIT",
      "bin": {
        "bitget-mock-server": "lib/bin/mock-server.js"
      },
      "engines": {
        "node": ">=20"
      }
    }
  }
}
